{
  "object": {
    "pins": [
      {
        "package": "combine-schedulers",
        "repositoryURL": "git@github.com:pointfreeco/combine-schedulers.git",
        "state": {
          "branch": null,
          "revision": "ff42ec9061d864de7982162011321d3df5080c10",
          "version": "0.1.2"
        }
      },
      {
        "package": "Disk",
        "repositoryURL": "git@github.com:saoudrizwan/Disk.git",
        "state": {
          "branch": null,
          "revision": "b0cb4fdf23e51849cc2460bdc6de795c3bcca99d",
          "version": "0.6.4"
        }
      },
      {
        "package": "SnapshotTesting",
        "repositoryURL": "git@github.com:pointfreeco/swift-snapshot-testing.git",
        "state": {
          "branch": null,
          "revision": "c466812aa2e22898f27557e2e780d3aad7a27203",
          "version": "1.8.2"
        }
      }
    ]
  },
  "version": 1
}
